
Microsoft Visual Studio Solution File, Format Version 11.00
# Visual Studio 2010
Project("{FAE04EC0-301F-11D3-BF4B-00C04F79EFBC}") = "WorkflowConsoleApplication1", "WorkflowConsoleApplication1\WorkflowConsoleApplication1.csproj", "{1929A973-A7C5-400D-958B-07CFD4BA0245}"
EndProject
Project("{FAE04EC0-301F-11D3-BF4B-00C04F79EFBC}") = "TrackingStateMachine", "TrackingStateMachine\TrackingStateMachine.csproj", "{7214B86B-75B6-4E77-A78A-97B2D15CA308}"
EndProject
Project("{FAE04EC0-301F-11D3-BF4B-00C04F79EFBC}") = "SEActivities", "SEActivities\SEActivities.csproj", "{711AD212-A9AF-4502-A641-9351A914C3BE}"
EndProject
Project("{FAE04EC0-301F-11D3-BF4B-00C04F79EFBC}") = "TrackingActivityActionServices", "TrackingActivityActionServices\TrackingActivityActionServices.csproj", "{DEFE0CC0-CB50-4C80-8EE1-0BB16A8C0E9A}"
EndProject
Project("{FAE04EC0-301F-11D3-BF4B-00C04F79EFBC}") = "TrackingCommands", "TrackingCommand\TrackingCommands.csproj", "{4A36D9D0-668E-4A15-AEF3-9FAC0426133F}"
EndProject
Project("{FAE04EC0-301F-11D3-BF4B-00C04F79EFBC}") = "FakeServiceAndClient", "FakeServiceAndClient\FakeServiceAndClient.csproj", "{36580783-98F3-4F43-BF21-D774B91D36CF}"
EndProject
Project("{FAE04EC0-301F-11D3-BF4B-00C04F79EFBC}") = "TrackingDataSource", "TrackingDataSource\TrackingDataSource.csproj", "{61B20189-1432-44AB-A86D-A6623C0EFCDE}"
EndProject
Global
	GlobalSection(SubversionScc) = preSolution
		Svn-Managed = True
		Manager = AnkhSVN - Subversion Support for Visual Studio
	EndGlobalSection
	GlobalSection(SolutionConfigurationPlatforms) = preSolution
		Debug|Any CPU = Debug|Any CPU
		Debug|Mixed Platforms = Debug|Mixed Platforms
		Debug|x86 = Debug|x86
		Release|Any CPU = Release|Any CPU
		Release|Mixed Platforms = Release|Mixed Platforms
		Release|x86 = Release|x86
	EndGlobalSection
	GlobalSection(ProjectConfigurationPlatforms) = postSolution
		{1929A973-A7C5-400D-958B-07CFD4BA0245}.Debug|Any CPU.ActiveCfg = Debug|x86
		{1929A973-A7C5-400D-958B-07CFD4BA0245}.Debug|Mixed Platforms.ActiveCfg = Debug|x86
		{1929A973-A7C5-400D-958B-07CFD4BA0245}.Debug|Mixed Platforms.Build.0 = Debug|x86
		{1929A973-A7C5-400D-958B-07CFD4BA0245}.Debug|x86.ActiveCfg = Debug|x86
		{1929A973-A7C5-400D-958B-07CFD4BA0245}.Debug|x86.Build.0 = Debug|x86
		{1929A973-A7C5-400D-958B-07CFD4BA0245}.Release|Any CPU.ActiveCfg = Release|x86
		{1929A973-A7C5-400D-958B-07CFD4BA0245}.Release|Mixed Platforms.ActiveCfg = Release|x86
		{1929A973-A7C5-400D-958B-07CFD4BA0245}.Release|Mixed Platforms.Build.0 = Release|x86
		{1929A973-A7C5-400D-958B-07CFD4BA0245}.Release|x86.ActiveCfg = Release|x86
		{1929A973-A7C5-400D-958B-07CFD4BA0245}.Release|x86.Build.0 = Release|x86
		{7214B86B-75B6-4E77-A78A-97B2D15CA308}.Debug|Any CPU.ActiveCfg = Debug|x86
		{7214B86B-75B6-4E77-A78A-97B2D15CA308}.Debug|Mixed Platforms.ActiveCfg = Debug|x86
		{7214B86B-75B6-4E77-A78A-97B2D15CA308}.Debug|Mixed Platforms.Build.0 = Debug|x86
		{7214B86B-75B6-4E77-A78A-97B2D15CA308}.Debug|x86.ActiveCfg = Debug|x86
		{7214B86B-75B6-4E77-A78A-97B2D15CA308}.Debug|x86.Build.0 = Debug|x86
		{7214B86B-75B6-4E77-A78A-97B2D15CA308}.Release|Any CPU.ActiveCfg = Release|x86
		{7214B86B-75B6-4E77-A78A-97B2D15CA308}.Release|Mixed Platforms.ActiveCfg = Release|x86
		{7214B86B-75B6-4E77-A78A-97B2D15CA308}.Release|Mixed Platforms.Build.0 = Release|x86
		{7214B86B-75B6-4E77-A78A-97B2D15CA308}.Release|x86.ActiveCfg = Release|x86
		{7214B86B-75B6-4E77-A78A-97B2D15CA308}.Release|x86.Build.0 = Release|x86
		{711AD212-A9AF-4502-A641-9351A914C3BE}.Debug|Any CPU.ActiveCfg = Debug|Any CPU
		{711AD212-A9AF-4502-A641-9351A914C3BE}.Debug|Any CPU.Build.0 = Debug|Any CPU
		{711AD212-A9AF-4502-A641-9351A914C3BE}.Debug|Mixed Platforms.ActiveCfg = Debug|Any CPU
		{711AD212-A9AF-4502-A641-9351A914C3BE}.Debug|Mixed Platforms.Build.0 = Debug|Any CPU
		{711AD212-A9AF-4502-A641-9351A914C3BE}.Debug|x86.ActiveCfg = Debug|Any CPU
		{711AD212-A9AF-4502-A641-9351A914C3BE}.Release|Any CPU.ActiveCfg = Release|Any CPU
		{711AD212-A9AF-4502-A641-9351A914C3BE}.Release|Any CPU.Build.0 = Release|Any CPU
		{711AD212-A9AF-4502-A641-9351A914C3BE}.Release|Mixed Platforms.ActiveCfg = Release|Any CPU
		{711AD212-A9AF-4502-A641-9351A914C3BE}.Release|Mixed Platforms.Build.0 = Release|Any CPU
		{711AD212-A9AF-4502-A641-9351A914C3BE}.Release|x86.ActiveCfg = Release|Any CPU
		{DEFE0CC0-CB50-4C80-8EE1-0BB16A8C0E9A}.Debug|Any CPU.ActiveCfg = Debug|Any CPU
		{DEFE0CC0-CB50-4C80-8EE1-0BB16A8C0E9A}.Debug|Any CPU.Build.0 = Debug|Any CPU
		{DEFE0CC0-CB50-4C80-8EE1-0BB16A8C0E9A}.Debug|Mixed Platforms.ActiveCfg = Debug|Any CPU
		{DEFE0CC0-CB50-4C80-8EE1-0BB16A8C0E9A}.Debug|Mixed Platforms.Build.0 = Debug|Any CPU
		{DEFE0CC0-CB50-4C80-8EE1-0BB16A8C0E9A}.Debug|x86.ActiveCfg = Debug|Any CPU
		{DEFE0CC0-CB50-4C80-8EE1-0BB16A8C0E9A}.Release|Any CPU.ActiveCfg = Release|Any CPU
		{DEFE0CC0-CB50-4C80-8EE1-0BB16A8C0E9A}.Release|Any CPU.Build.0 = Release|Any CPU
		{DEFE0CC0-CB50-4C80-8EE1-0BB16A8C0E9A}.Release|Mixed Platforms.ActiveCfg = Release|Any CPU
		{DEFE0CC0-CB50-4C80-8EE1-0BB16A8C0E9A}.Release|Mixed Platforms.Build.0 = Release|Any CPU
		{DEFE0CC0-CB50-4C80-8EE1-0BB16A8C0E9A}.Release|x86.ActiveCfg = Release|Any CPU
		{4A36D9D0-668E-4A15-AEF3-9FAC0426133F}.Debug|Any CPU.ActiveCfg = Debug|Any CPU
		{4A36D9D0-668E-4A15-AEF3-9FAC0426133F}.Debug|Any CPU.Build.0 = Debug|Any CPU
		{4A36D9D0-668E-4A15-AEF3-9FAC0426133F}.Debug|Mixed Platforms.ActiveCfg = Debug|Any CPU
		{4A36D9D0-668E-4A15-AEF3-9FAC0426133F}.Debug|Mixed Platforms.Build.0 = Debug|Any CPU
		{4A36D9D0-668E-4A15-AEF3-9FAC0426133F}.Debug|x86.ActiveCfg = Debug|Any CPU
		{4A36D9D0-668E-4A15-AEF3-9FAC0426133F}.Release|Any CPU.ActiveCfg = Release|Any CPU
		{4A36D9D0-668E-4A15-AEF3-9FAC0426133F}.Release|Any CPU.Build.0 = Release|Any CPU
		{4A36D9D0-668E-4A15-AEF3-9FAC0426133F}.Release|Mixed Platforms.ActiveCfg = Release|Any CPU
		{4A36D9D0-668E-4A15-AEF3-9FAC0426133F}.Release|Mixed Platforms.Build.0 = Release|Any CPU
		{4A36D9D0-668E-4A15-AEF3-9FAC0426133F}.Release|x86.ActiveCfg = Release|Any CPU
		{36580783-98F3-4F43-BF21-D774B91D36CF}.Debug|Any CPU.ActiveCfg = Debug|x86
		{36580783-98F3-4F43-BF21-D774B91D36CF}.Debug|Mixed Platforms.ActiveCfg = Debug|x86
		{36580783-98F3-4F43-BF21-D774B91D36CF}.Debug|Mixed Platforms.Build.0 = Debug|x86
		{36580783-98F3-4F43-BF21-D774B91D36CF}.Debug|x86.ActiveCfg = Debug|x86
		{36580783-98F3-4F43-BF21-D774B91D36CF}.Debug|x86.Build.0 = Debug|x86
		{36580783-98F3-4F43-BF21-D774B91D36CF}.Release|Any CPU.ActiveCfg = Release|x86
		{36580783-98F3-4F43-BF21-D774B91D36CF}.Release|Mixed Platforms.ActiveCfg = Release|x86
		{36580783-98F3-4F43-BF21-D774B91D36CF}.Release|Mixed Platforms.Build.0 = Release|x86
		{36580783-98F3-4F43-BF21-D774B91D36CF}.Release|x86.ActiveCfg = Release|x86
		{36580783-98F3-4F43-BF21-D774B91D36CF}.Release|x86.Build.0 = Release|x86
		{61B20189-1432-44AB-A86D-A6623C0EFCDE}.Debug|Any CPU.ActiveCfg = Debug|Any CPU
		{61B20189-1432-44AB-A86D-A6623C0EFCDE}.Debug|Any CPU.Build.0 = Debug|Any CPU
		{61B20189-1432-44AB-A86D-A6623C0EFCDE}.Debug|Mixed Platforms.ActiveCfg = Debug|Any CPU
		{61B20189-1432-44AB-A86D-A6623C0EFCDE}.Debug|Mixed Platforms.Build.0 = Debug|Any CPU
		{61B20189-1432-44AB-A86D-A6623C0EFCDE}.Debug|x86.ActiveCfg = Debug|Any CPU
		{61B20189-1432-44AB-A86D-A6623C0EFCDE}.Release|Any CPU.ActiveCfg = Release|Any CPU
		{61B20189-1432-44AB-A86D-A6623C0EFCDE}.Release|Any CPU.Build.0 = Release|Any CPU
		{61B20189-1432-44AB-A86D-A6623C0EFCDE}.Release|Mixed Platforms.ActiveCfg = Release|Any CPU
		{61B20189-1432-44AB-A86D-A6623C0EFCDE}.Release|Mixed Platforms.Build.0 = Release|Any CPU
		{61B20189-1432-44AB-A86D-A6623C0EFCDE}.Release|x86.ActiveCfg = Release|Any CPU
	EndGlobalSection
	GlobalSection(SolutionProperties) = preSolution
		HideSolutionNode = FALSE
	EndGlobalSection
EndGlobal
