
Microsoft Visual Studio Solution File, Format Version 11.00
# Visual Studio 2010
Project("{FAE04EC0-301F-11D3-BF4B-00C04F79EFBC}") = "BPACheck", "BPACheck\BPACheck.csproj", "{B52700B6-8E9B-4454-B862-88B2CA583F63}"
EndProject
Global
	GlobalSection(SolutionConfigurationPlatforms) = preSolution
		Debug|x86 = Debug|x86
		Release|x86 = Release|x86
	EndGlobalSection
	GlobalSection(ProjectConfigurationPlatforms) = postSolution
		{B52700B6-8E9B-4454-B862-88B2CA583F63}.Debug|x86.ActiveCfg = Debug|x86
		{B52700B6-8E9B-4454-B862-88B2CA583F63}.Debug|x86.Build.0 = Debug|x86
		{B52700B6-8E9B-4454-B862-88B2CA583F63}.Release|x86.ActiveCfg = Release|x86
		{B52700B6-8E9B-4454-B862-88B2CA583F63}.Release|x86.Build.0 = Release|x86
	EndGlobalSection
	GlobalSection(SolutionProperties) = preSolution
		HideSolutionNode = FALSE
	EndGlobalSection
EndGlobal
