
Microsoft Visual Studio Solution File, Format Version 12.00
# Visual Studio 2012
Project("{8BC9CEB8-8B4A-11D0-8D11-00A0C91BC942}") = "SBSWMIv2", "SBSWMIv2\SBSWMIv2.vcxproj", "{24F61C75-D08A-4A70-8F9E-D1DA1B6A94BA}"
EndProject
Project("{8BC9CEB8-8B4A-11D0-8D11-00A0C91BC942}") = "SBSWMIv2Host", "SBSWMIv2Host\SBSWMIv2Host.vcxproj", "{B3CF01C7-CB4C-40AB-88AF-4CE8CF7BD61F}"
EndProject
Project("{FAE04EC0-301F-11D3-BF4B-00C04F79EFBC}") = "DotNetAPI", "DotNetAPI\DotNetAPI.csproj", "{E74C741B-5ADA-4C9D-9EF7-DB6B42ADB251}"
EndProject
Project("{FAE04EC0-301F-11D3-BF4B-00C04F79EFBC}") = "DotNetClient", "DotNetClient\DotNetClient.csproj", "{B569C3E5-DA3C-489A-B6C9-C25E67501BC3}"
EndProject
Project("{8BC9CEB8-8B4A-11D0-8D11-00A0C91BC942}") = "NativeClient", "NativeClient\NativeClient.vcxproj", "{45F43D01-9129-4BED-8187-99F90A415E60}"
EndProject
Global
	GlobalSection(SubversionScc) = preSolution
		Svn-Managed = True
		Manager = AnkhSVN - Subversion Support for Visual Studio
	EndGlobalSection
	GlobalSection(SolutionConfigurationPlatforms) = preSolution
		Debug|Any CPU = Debug|Any CPU
		Debug|Mixed Platforms = Debug|Mixed Platforms
		Debug|Win32 = Debug|Win32
		Debug|x64 = Debug|x64
		Release|Any CPU = Release|Any CPU
		Release|Mixed Platforms = Release|Mixed Platforms
		Release|Win32 = Release|Win32
		Release|x64 = Release|x64
	EndGlobalSection
	GlobalSection(ProjectConfigurationPlatforms) = postSolution
		{24F61C75-D08A-4A70-8F9E-D1DA1B6A94BA}.Debug|Any CPU.ActiveCfg = Debug|Win32
		{24F61C75-D08A-4A70-8F9E-D1DA1B6A94BA}.Debug|Mixed Platforms.ActiveCfg = Debug|x64
		{24F61C75-D08A-4A70-8F9E-D1DA1B6A94BA}.Debug|Mixed Platforms.Build.0 = Debug|x64
		{24F61C75-D08A-4A70-8F9E-D1DA1B6A94BA}.Debug|Win32.ActiveCfg = Debug|x64
		{24F61C75-D08A-4A70-8F9E-D1DA1B6A94BA}.Debug|Win32.Build.0 = Debug|x64
		{24F61C75-D08A-4A70-8F9E-D1DA1B6A94BA}.Debug|x64.ActiveCfg = Debug|x64
		{24F61C75-D08A-4A70-8F9E-D1DA1B6A94BA}.Debug|x64.Build.0 = Debug|x64
		{24F61C75-D08A-4A70-8F9E-D1DA1B6A94BA}.Release|Any CPU.ActiveCfg = Release|Win32
		{24F61C75-D08A-4A70-8F9E-D1DA1B6A94BA}.Release|Mixed Platforms.ActiveCfg = Release|Win32
		{24F61C75-D08A-4A70-8F9E-D1DA1B6A94BA}.Release|Mixed Platforms.Build.0 = Release|Win32
		{24F61C75-D08A-4A70-8F9E-D1DA1B6A94BA}.Release|Win32.ActiveCfg = Release|Win32
		{24F61C75-D08A-4A70-8F9E-D1DA1B6A94BA}.Release|Win32.Build.0 = Release|Win32
		{24F61C75-D08A-4A70-8F9E-D1DA1B6A94BA}.Release|x64.ActiveCfg = Release|Win32
		{24F61C75-D08A-4A70-8F9E-D1DA1B6A94BA}.Release|x64.Build.0 = Release|Win32
		{B3CF01C7-CB4C-40AB-88AF-4CE8CF7BD61F}.Debug|Any CPU.ActiveCfg = Debug|Win32
		{B3CF01C7-CB4C-40AB-88AF-4CE8CF7BD61F}.Debug|Mixed Platforms.ActiveCfg = Debug|x64
		{B3CF01C7-CB4C-40AB-88AF-4CE8CF7BD61F}.Debug|Mixed Platforms.Build.0 = Debug|x64
		{B3CF01C7-CB4C-40AB-88AF-4CE8CF7BD61F}.Debug|Win32.ActiveCfg = Debug|Win32
		{B3CF01C7-CB4C-40AB-88AF-4CE8CF7BD61F}.Debug|Win32.Build.0 = Debug|Win32
		{B3CF01C7-CB4C-40AB-88AF-4CE8CF7BD61F}.Debug|x64.ActiveCfg = Debug|Win32
		{B3CF01C7-CB4C-40AB-88AF-4CE8CF7BD61F}.Release|Any CPU.ActiveCfg = Release|Win32
		{B3CF01C7-CB4C-40AB-88AF-4CE8CF7BD61F}.Release|Mixed Platforms.ActiveCfg = Release|Win32
		{B3CF01C7-CB4C-40AB-88AF-4CE8CF7BD61F}.Release|Mixed Platforms.Build.0 = Release|Win32
		{B3CF01C7-CB4C-40AB-88AF-4CE8CF7BD61F}.Release|Win32.ActiveCfg = Release|Win32
		{B3CF01C7-CB4C-40AB-88AF-4CE8CF7BD61F}.Release|Win32.Build.0 = Release|Win32
		{B3CF01C7-CB4C-40AB-88AF-4CE8CF7BD61F}.Release|x64.ActiveCfg = Release|Win32
		{E74C741B-5ADA-4C9D-9EF7-DB6B42ADB251}.Debug|Any CPU.ActiveCfg = Debug|Any CPU
		{E74C741B-5ADA-4C9D-9EF7-DB6B42ADB251}.Debug|Any CPU.Build.0 = Debug|Any CPU
		{E74C741B-5ADA-4C9D-9EF7-DB6B42ADB251}.Debug|Mixed Platforms.ActiveCfg = Debug|Any CPU
		{E74C741B-5ADA-4C9D-9EF7-DB6B42ADB251}.Debug|Mixed Platforms.Build.0 = Debug|Any CPU
		{E74C741B-5ADA-4C9D-9EF7-DB6B42ADB251}.Debug|Win32.ActiveCfg = Debug|Any CPU
		{E74C741B-5ADA-4C9D-9EF7-DB6B42ADB251}.Debug|x64.ActiveCfg = Debug|Any CPU
		{E74C741B-5ADA-4C9D-9EF7-DB6B42ADB251}.Release|Any CPU.ActiveCfg = Release|Any CPU
		{E74C741B-5ADA-4C9D-9EF7-DB6B42ADB251}.Release|Any CPU.Build.0 = Release|Any CPU
		{E74C741B-5ADA-4C9D-9EF7-DB6B42ADB251}.Release|Mixed Platforms.ActiveCfg = Release|Any CPU
		{E74C741B-5ADA-4C9D-9EF7-DB6B42ADB251}.Release|Mixed Platforms.Build.0 = Release|Any CPU
		{E74C741B-5ADA-4C9D-9EF7-DB6B42ADB251}.Release|Win32.ActiveCfg = Release|Any CPU
		{E74C741B-5ADA-4C9D-9EF7-DB6B42ADB251}.Release|x64.ActiveCfg = Release|Any CPU
		{B569C3E5-DA3C-489A-B6C9-C25E67501BC3}.Debug|Any CPU.ActiveCfg = Debug|Any CPU
		{B569C3E5-DA3C-489A-B6C9-C25E67501BC3}.Debug|Any CPU.Build.0 = Debug|Any CPU
		{B569C3E5-DA3C-489A-B6C9-C25E67501BC3}.Debug|Mixed Platforms.ActiveCfg = Debug|Any CPU
		{B569C3E5-DA3C-489A-B6C9-C25E67501BC3}.Debug|Mixed Platforms.Build.0 = Debug|Any CPU
		{B569C3E5-DA3C-489A-B6C9-C25E67501BC3}.Debug|Win32.ActiveCfg = Debug|Any CPU
		{B569C3E5-DA3C-489A-B6C9-C25E67501BC3}.Debug|x64.ActiveCfg = Debug|Any CPU
		{B569C3E5-DA3C-489A-B6C9-C25E67501BC3}.Release|Any CPU.ActiveCfg = Release|Any CPU
		{B569C3E5-DA3C-489A-B6C9-C25E67501BC3}.Release|Any CPU.Build.0 = Release|Any CPU
		{B569C3E5-DA3C-489A-B6C9-C25E67501BC3}.Release|Mixed Platforms.ActiveCfg = Release|Any CPU
		{B569C3E5-DA3C-489A-B6C9-C25E67501BC3}.Release|Mixed Platforms.Build.0 = Release|Any CPU
		{B569C3E5-DA3C-489A-B6C9-C25E67501BC3}.Release|Win32.ActiveCfg = Release|Any CPU
		{B569C3E5-DA3C-489A-B6C9-C25E67501BC3}.Release|x64.ActiveCfg = Release|Any CPU
		{45F43D01-9129-4BED-8187-99F90A415E60}.Debug|Any CPU.ActiveCfg = Debug|Win32
		{45F43D01-9129-4BED-8187-99F90A415E60}.Debug|Mixed Platforms.ActiveCfg = Debug|Win32
		{45F43D01-9129-4BED-8187-99F90A415E60}.Debug|Mixed Platforms.Build.0 = Debug|Win32
		{45F43D01-9129-4BED-8187-99F90A415E60}.Debug|Win32.ActiveCfg = Debug|Win32
		{45F43D01-9129-4BED-8187-99F90A415E60}.Debug|Win32.Build.0 = Debug|Win32
		{45F43D01-9129-4BED-8187-99F90A415E60}.Debug|x64.ActiveCfg = Debug|Win32
		{45F43D01-9129-4BED-8187-99F90A415E60}.Release|Any CPU.ActiveCfg = Release|Win32
		{45F43D01-9129-4BED-8187-99F90A415E60}.Release|Mixed Platforms.ActiveCfg = Release|Win32
		{45F43D01-9129-4BED-8187-99F90A415E60}.Release|Mixed Platforms.Build.0 = Release|Win32
		{45F43D01-9129-4BED-8187-99F90A415E60}.Release|Win32.ActiveCfg = Release|Win32
		{45F43D01-9129-4BED-8187-99F90A415E60}.Release|Win32.Build.0 = Release|Win32
		{45F43D01-9129-4BED-8187-99F90A415E60}.Release|x64.ActiveCfg = Release|Win32
	EndGlobalSection
	GlobalSection(SolutionProperties) = preSolution
		HideSolutionNode = FALSE
	EndGlobalSection
EndGlobal
