
Microsoft Visual Studio Solution File, Format Version 12.00
# Visual Studio 2012
Project("{8BC9CEB8-8B4A-11D0-8D11-00A0C91BC942}") = "SBSWMIv2", "SBSWMIv2\SBSWMIv2.vcxproj", "{24F61C75-D08A-4A70-8F9E-D1DA1B6A94BA}"
EndProject
Global
	GlobalSection(SubversionScc) = preSolution
		Svn-Managed = True
		Manager = AnkhSVN - Subversion Support for Visual Studio
	EndGlobalSection
	GlobalSection(SolutionConfigurationPlatforms) = preSolution
		Debug|Win32 = Debug|Win32
		Release|Win32 = Release|Win32
	EndGlobalSection
	GlobalSection(ProjectConfigurationPlatforms) = postSolution
		{24F61C75-D08A-4A70-8F9E-D1DA1B6A94BA}.Debug|Win32.ActiveCfg = Debug|x64
		{24F61C75-D08A-4A70-8F9E-D1DA1B6A94BA}.Debug|Win32.Build.0 = Debug|x64
		{24F61C75-D08A-4A70-8F9E-D1DA1B6A94BA}.Release|Win32.ActiveCfg = Release|Win32
		{24F61C75-D08A-4A70-8F9E-D1DA1B6A94BA}.Release|Win32.Build.0 = Release|Win32
	EndGlobalSection
	GlobalSection(SolutionProperties) = preSolution
		HideSolutionNode = FALSE
	EndGlobalSection
EndGlobal
