
Microsoft Visual Studio Solution File, Format Version 12.00
# Visual Studio 2012
Project("{8BC9CEB8-8B4A-11D0-8D11-00A0C91BC942}") = "SBSWMIv2", "SBSWMIv2\SBSWMIv2.vcxproj", "{24F61C75-D08A-4A70-8F9E-D1DA1B6A94BA}"
EndProject
Project("{8BC9CEB8-8B4A-11D0-8D11-00A0C91BC942}") = "SBSWMIv2Host", "SBSWMIv2Host\SBSWMIv2Host.vcxproj", "{B3CF01C7-CB4C-40AB-88AF-4CE8CF7BD61F}"
EndProject
Project("{FAE04EC0-301F-11D3-BF4B-00C04F79EFBC}") = "DotNetAPI", "DotNetAPI\DotNetAPI.csproj", "{E74C741B-5ADA-4C9D-9EF7-DB6B42ADB251}"
EndProject
Project("{FAE04EC0-301F-11D3-BF4B-00C04F79EFBC}") = "DotNetClient", "DotNetClient\DotNetClient.csproj", "{B569C3E5-DA3C-489A-B6C9-C25E67501BC3}"
EndProject
Project("{8BC9CEB8-8B4A-11D0-8D11-00A0C91BC942}") = "NativeClient", "NativeClient\NativeClient.vcxproj", "{45F43D01-9129-4BED-8187-99F90A415E60}"
EndProject
Project("{8BC9CEB8-8B4A-11D0-8D11-00A0C91BC942}") = "HelpUtil", "HelpUtil\HelpUtil.vcxproj", "{19ACAF74-3143-4892-B487-85CDF3901DCC}"
EndProject
Project("{8BC9CEB8-8B4A-11D0-8D11-00A0C91BC942}") = "HelperUtilTest", "HelperUtilTest\HelperUtilTest.vcxproj", "{AE76F5FA-A44F-4824-8B50-8950CE268527}"
EndProject
Project("{930C7802-8A8C-48F9-8165-68863BCCD9DD}") = "SBSWMIv2Setup", "SBSWMIv2Setup\SBSWMIv2Setup.wixproj", "{99C0BDC1-46C6-4C1E-87A9-39B29A17702B}"
EndProject
Project("{8BC9CEB8-8B4A-11D0-8D11-00A0C91BC942}") = "InstallationActions", "InstallationActions\InstallationActions.vcxproj", "{B8BD6E3F-831C-4F57-96CE-3E94EB826416}"
EndProject
Project("{8BC9CEB8-8B4A-11D0-8D11-00A0C91BC942}") = "SBSWMIv2Service", "SBSWMIv2Service\SBSWMIv2Service.vcxproj", "{E0BC51C3-8D39-42B5-AEEC-3560D2084A48}"
EndProject
Project("{8BC9CEB8-8B4A-11D0-8D11-00A0C91BC942}") = "SBSWMIv2ServicePS", "SBSWMIv2Service\SBSWMIv2ServicePS.vcxproj", "{C1BB5C44-2D64-4071-ACEC-A84255724EDA}"
	ProjectSection(ProjectDependencies) = postProject
		{E0BC51C3-8D39-42B5-AEEC-3560D2084A48} = {E0BC51C3-8D39-42B5-AEEC-3560D2084A48}
	EndProjectSection
EndProject
Global
	GlobalSection(SubversionScc) = preSolution
		Svn-Managed = True
		Manager = AnkhSVN - Subversion Support for Visual Studio
	EndGlobalSection
	GlobalSection(SolutionConfigurationPlatforms) = preSolution
		Debug|Any CPU = Debug|Any CPU
		Debug|Mixed Platforms = Debug|Mixed Platforms
		Debug|Win32 = Debug|Win32
		Debug|x64 = Debug|x64
		Debug|x86 = Debug|x86
		Release|Any CPU = Release|Any CPU
		Release|Mixed Platforms = Release|Mixed Platforms
		Release|Win32 = Release|Win32
		Release|x64 = Release|x64
		Release|x86 = Release|x86
	EndGlobalSection
	GlobalSection(ProjectConfigurationPlatforms) = postSolution
		{24F61C75-D08A-4A70-8F9E-D1DA1B6A94BA}.Debug|Any CPU.ActiveCfg = Debug|Win32
		{24F61C75-D08A-4A70-8F9E-D1DA1B6A94BA}.Debug|Mixed Platforms.ActiveCfg = Debug|x64
		{24F61C75-D08A-4A70-8F9E-D1DA1B6A94BA}.Debug|Mixed Platforms.Build.0 = Debug|x64
		{24F61C75-D08A-4A70-8F9E-D1DA1B6A94BA}.Debug|Win32.ActiveCfg = Debug|x64
		{24F61C75-D08A-4A70-8F9E-D1DA1B6A94BA}.Debug|Win32.Build.0 = Debug|x64
		{24F61C75-D08A-4A70-8F9E-D1DA1B6A94BA}.Debug|x64.ActiveCfg = Debug|x64
		{24F61C75-D08A-4A70-8F9E-D1DA1B6A94BA}.Debug|x64.Build.0 = Debug|x64
		{24F61C75-D08A-4A70-8F9E-D1DA1B6A94BA}.Debug|x86.ActiveCfg = Debug|Win32
		{24F61C75-D08A-4A70-8F9E-D1DA1B6A94BA}.Debug|x86.Build.0 = Debug|Win32
		{24F61C75-D08A-4A70-8F9E-D1DA1B6A94BA}.Release|Any CPU.ActiveCfg = Release|Win32
		{24F61C75-D08A-4A70-8F9E-D1DA1B6A94BA}.Release|Mixed Platforms.ActiveCfg = Release|Win32
		{24F61C75-D08A-4A70-8F9E-D1DA1B6A94BA}.Release|Mixed Platforms.Build.0 = Release|Win32
		{24F61C75-D08A-4A70-8F9E-D1DA1B6A94BA}.Release|Win32.ActiveCfg = Release|Win32
		{24F61C75-D08A-4A70-8F9E-D1DA1B6A94BA}.Release|Win32.Build.0 = Release|Win32
		{24F61C75-D08A-4A70-8F9E-D1DA1B6A94BA}.Release|x64.ActiveCfg = Release|Win32
		{24F61C75-D08A-4A70-8F9E-D1DA1B6A94BA}.Release|x64.Build.0 = Release|Win32
		{24F61C75-D08A-4A70-8F9E-D1DA1B6A94BA}.Release|x86.ActiveCfg = Release|Win32
		{24F61C75-D08A-4A70-8F9E-D1DA1B6A94BA}.Release|x86.Build.0 = Release|Win32
		{B3CF01C7-CB4C-40AB-88AF-4CE8CF7BD61F}.Debug|Any CPU.ActiveCfg = Debug|Win32
		{B3CF01C7-CB4C-40AB-88AF-4CE8CF7BD61F}.Debug|Mixed Platforms.ActiveCfg = Debug|x64
		{B3CF01C7-CB4C-40AB-88AF-4CE8CF7BD61F}.Debug|Mixed Platforms.Build.0 = Debug|x64
		{B3CF01C7-CB4C-40AB-88AF-4CE8CF7BD61F}.Debug|Win32.ActiveCfg = Debug|Win32
		{B3CF01C7-CB4C-40AB-88AF-4CE8CF7BD61F}.Debug|Win32.Build.0 = Debug|Win32
		{B3CF01C7-CB4C-40AB-88AF-4CE8CF7BD61F}.Debug|x64.ActiveCfg = Debug|Win32
		{B3CF01C7-CB4C-40AB-88AF-4CE8CF7BD61F}.Debug|x86.ActiveCfg = Debug|Win32
		{B3CF01C7-CB4C-40AB-88AF-4CE8CF7BD61F}.Debug|x86.Build.0 = Debug|Win32
		{B3CF01C7-CB4C-40AB-88AF-4CE8CF7BD61F}.Release|Any CPU.ActiveCfg = Release|Win32
		{B3CF01C7-CB4C-40AB-88AF-4CE8CF7BD61F}.Release|Mixed Platforms.ActiveCfg = Release|Win32
		{B3CF01C7-CB4C-40AB-88AF-4CE8CF7BD61F}.Release|Mixed Platforms.Build.0 = Release|Win32
		{B3CF01C7-CB4C-40AB-88AF-4CE8CF7BD61F}.Release|Win32.ActiveCfg = Release|Win32
		{B3CF01C7-CB4C-40AB-88AF-4CE8CF7BD61F}.Release|Win32.Build.0 = Release|Win32
		{B3CF01C7-CB4C-40AB-88AF-4CE8CF7BD61F}.Release|x64.ActiveCfg = Release|Win32
		{B3CF01C7-CB4C-40AB-88AF-4CE8CF7BD61F}.Release|x86.ActiveCfg = Release|Win32
		{B3CF01C7-CB4C-40AB-88AF-4CE8CF7BD61F}.Release|x86.Build.0 = Release|Win32
		{E74C741B-5ADA-4C9D-9EF7-DB6B42ADB251}.Debug|Any CPU.ActiveCfg = Debug|Any CPU
		{E74C741B-5ADA-4C9D-9EF7-DB6B42ADB251}.Debug|Any CPU.Build.0 = Debug|Any CPU
		{E74C741B-5ADA-4C9D-9EF7-DB6B42ADB251}.Debug|Mixed Platforms.ActiveCfg = Debug|x64
		{E74C741B-5ADA-4C9D-9EF7-DB6B42ADB251}.Debug|Mixed Platforms.Build.0 = Debug|x64
		{E74C741B-5ADA-4C9D-9EF7-DB6B42ADB251}.Debug|Win32.ActiveCfg = Debug|Any CPU
		{E74C741B-5ADA-4C9D-9EF7-DB6B42ADB251}.Debug|x64.ActiveCfg = Debug|Any CPU
		{E74C741B-5ADA-4C9D-9EF7-DB6B42ADB251}.Debug|x86.ActiveCfg = Debug|Any CPU
		{E74C741B-5ADA-4C9D-9EF7-DB6B42ADB251}.Release|Any CPU.ActiveCfg = Release|Any CPU
		{E74C741B-5ADA-4C9D-9EF7-DB6B42ADB251}.Release|Any CPU.Build.0 = Release|Any CPU
		{E74C741B-5ADA-4C9D-9EF7-DB6B42ADB251}.Release|Mixed Platforms.ActiveCfg = Release|Any CPU
		{E74C741B-5ADA-4C9D-9EF7-DB6B42ADB251}.Release|Mixed Platforms.Build.0 = Release|Any CPU
		{E74C741B-5ADA-4C9D-9EF7-DB6B42ADB251}.Release|Win32.ActiveCfg = Release|Any CPU
		{E74C741B-5ADA-4C9D-9EF7-DB6B42ADB251}.Release|x64.ActiveCfg = Release|Any CPU
		{E74C741B-5ADA-4C9D-9EF7-DB6B42ADB251}.Release|x86.ActiveCfg = Release|Any CPU
		{B569C3E5-DA3C-489A-B6C9-C25E67501BC3}.Debug|Any CPU.ActiveCfg = Debug|Any CPU
		{B569C3E5-DA3C-489A-B6C9-C25E67501BC3}.Debug|Any CPU.Build.0 = Debug|Any CPU
		{B569C3E5-DA3C-489A-B6C9-C25E67501BC3}.Debug|Mixed Platforms.ActiveCfg = Debug|x64
		{B569C3E5-DA3C-489A-B6C9-C25E67501BC3}.Debug|Mixed Platforms.Build.0 = Debug|x64
		{B569C3E5-DA3C-489A-B6C9-C25E67501BC3}.Debug|Win32.ActiveCfg = Debug|Any CPU
		{B569C3E5-DA3C-489A-B6C9-C25E67501BC3}.Debug|x64.ActiveCfg = Debug|Any CPU
		{B569C3E5-DA3C-489A-B6C9-C25E67501BC3}.Debug|x86.ActiveCfg = Debug|Any CPU
		{B569C3E5-DA3C-489A-B6C9-C25E67501BC3}.Release|Any CPU.ActiveCfg = Release|Any CPU
		{B569C3E5-DA3C-489A-B6C9-C25E67501BC3}.Release|Any CPU.Build.0 = Release|Any CPU
		{B569C3E5-DA3C-489A-B6C9-C25E67501BC3}.Release|Mixed Platforms.ActiveCfg = Release|Any CPU
		{B569C3E5-DA3C-489A-B6C9-C25E67501BC3}.Release|Mixed Platforms.Build.0 = Release|Any CPU
		{B569C3E5-DA3C-489A-B6C9-C25E67501BC3}.Release|Win32.ActiveCfg = Release|Any CPU
		{B569C3E5-DA3C-489A-B6C9-C25E67501BC3}.Release|x64.ActiveCfg = Release|Any CPU
		{B569C3E5-DA3C-489A-B6C9-C25E67501BC3}.Release|x86.ActiveCfg = Release|Any CPU
		{45F43D01-9129-4BED-8187-99F90A415E60}.Debug|Any CPU.ActiveCfg = Debug|Win32
		{45F43D01-9129-4BED-8187-99F90A415E60}.Debug|Mixed Platforms.ActiveCfg = Debug|x64
		{45F43D01-9129-4BED-8187-99F90A415E60}.Debug|Mixed Platforms.Build.0 = Debug|x64
		{45F43D01-9129-4BED-8187-99F90A415E60}.Debug|Win32.ActiveCfg = Debug|Win32
		{45F43D01-9129-4BED-8187-99F90A415E60}.Debug|Win32.Build.0 = Debug|Win32
		{45F43D01-9129-4BED-8187-99F90A415E60}.Debug|x64.ActiveCfg = Debug|Win32
		{45F43D01-9129-4BED-8187-99F90A415E60}.Debug|x86.ActiveCfg = Debug|Win32
		{45F43D01-9129-4BED-8187-99F90A415E60}.Debug|x86.Build.0 = Debug|Win32
		{45F43D01-9129-4BED-8187-99F90A415E60}.Release|Any CPU.ActiveCfg = Release|Win32
		{45F43D01-9129-4BED-8187-99F90A415E60}.Release|Mixed Platforms.ActiveCfg = Release|Win32
		{45F43D01-9129-4BED-8187-99F90A415E60}.Release|Mixed Platforms.Build.0 = Release|Win32
		{45F43D01-9129-4BED-8187-99F90A415E60}.Release|Win32.ActiveCfg = Release|Win32
		{45F43D01-9129-4BED-8187-99F90A415E60}.Release|Win32.Build.0 = Release|Win32
		{45F43D01-9129-4BED-8187-99F90A415E60}.Release|x64.ActiveCfg = Release|Win32
		{45F43D01-9129-4BED-8187-99F90A415E60}.Release|x86.ActiveCfg = Release|Win32
		{45F43D01-9129-4BED-8187-99F90A415E60}.Release|x86.Build.0 = Release|Win32
		{19ACAF74-3143-4892-B487-85CDF3901DCC}.Debug|Any CPU.ActiveCfg = Debug|Win32
		{19ACAF74-3143-4892-B487-85CDF3901DCC}.Debug|Mixed Platforms.ActiveCfg = Debug|x64
		{19ACAF74-3143-4892-B487-85CDF3901DCC}.Debug|Mixed Platforms.Build.0 = Debug|x64
		{19ACAF74-3143-4892-B487-85CDF3901DCC}.Debug|Win32.ActiveCfg = Debug|Win32
		{19ACAF74-3143-4892-B487-85CDF3901DCC}.Debug|Win32.Build.0 = Debug|Win32
		{19ACAF74-3143-4892-B487-85CDF3901DCC}.Debug|x64.ActiveCfg = Debug|Win32
		{19ACAF74-3143-4892-B487-85CDF3901DCC}.Debug|x86.ActiveCfg = Debug|Win32
		{19ACAF74-3143-4892-B487-85CDF3901DCC}.Debug|x86.Build.0 = Debug|Win32
		{19ACAF74-3143-4892-B487-85CDF3901DCC}.Release|Any CPU.ActiveCfg = Release|Win32
		{19ACAF74-3143-4892-B487-85CDF3901DCC}.Release|Mixed Platforms.ActiveCfg = Release|Win32
		{19ACAF74-3143-4892-B487-85CDF3901DCC}.Release|Mixed Platforms.Build.0 = Release|Win32
		{19ACAF74-3143-4892-B487-85CDF3901DCC}.Release|Win32.ActiveCfg = Release|Win32
		{19ACAF74-3143-4892-B487-85CDF3901DCC}.Release|Win32.Build.0 = Release|Win32
		{19ACAF74-3143-4892-B487-85CDF3901DCC}.Release|x64.ActiveCfg = Release|Win32
		{19ACAF74-3143-4892-B487-85CDF3901DCC}.Release|x86.ActiveCfg = Release|Win32
		{19ACAF74-3143-4892-B487-85CDF3901DCC}.Release|x86.Build.0 = Release|Win32
		{AE76F5FA-A44F-4824-8B50-8950CE268527}.Debug|Any CPU.ActiveCfg = Debug|Win32
		{AE76F5FA-A44F-4824-8B50-8950CE268527}.Debug|Mixed Platforms.ActiveCfg = Debug|x64
		{AE76F5FA-A44F-4824-8B50-8950CE268527}.Debug|Mixed Platforms.Build.0 = Debug|x64
		{AE76F5FA-A44F-4824-8B50-8950CE268527}.Debug|Win32.ActiveCfg = Debug|Win32
		{AE76F5FA-A44F-4824-8B50-8950CE268527}.Debug|Win32.Build.0 = Debug|Win32
		{AE76F5FA-A44F-4824-8B50-8950CE268527}.Debug|x64.ActiveCfg = Debug|Win32
		{AE76F5FA-A44F-4824-8B50-8950CE268527}.Debug|x86.ActiveCfg = Debug|Win32
		{AE76F5FA-A44F-4824-8B50-8950CE268527}.Debug|x86.Build.0 = Debug|Win32
		{AE76F5FA-A44F-4824-8B50-8950CE268527}.Release|Any CPU.ActiveCfg = Release|Win32
		{AE76F5FA-A44F-4824-8B50-8950CE268527}.Release|Mixed Platforms.ActiveCfg = Release|Win32
		{AE76F5FA-A44F-4824-8B50-8950CE268527}.Release|Mixed Platforms.Build.0 = Release|Win32
		{AE76F5FA-A44F-4824-8B50-8950CE268527}.Release|Win32.ActiveCfg = Release|Win32
		{AE76F5FA-A44F-4824-8B50-8950CE268527}.Release|Win32.Build.0 = Release|Win32
		{AE76F5FA-A44F-4824-8B50-8950CE268527}.Release|x64.ActiveCfg = Release|Win32
		{AE76F5FA-A44F-4824-8B50-8950CE268527}.Release|x86.ActiveCfg = Release|Win32
		{AE76F5FA-A44F-4824-8B50-8950CE268527}.Release|x86.Build.0 = Release|Win32
		{99C0BDC1-46C6-4C1E-87A9-39B29A17702B}.Debug|Any CPU.ActiveCfg = Debug|x86
		{99C0BDC1-46C6-4C1E-87A9-39B29A17702B}.Debug|Mixed Platforms.ActiveCfg = Debug|x86
		{99C0BDC1-46C6-4C1E-87A9-39B29A17702B}.Debug|Mixed Platforms.Build.0 = Debug|x86
		{99C0BDC1-46C6-4C1E-87A9-39B29A17702B}.Debug|Win32.ActiveCfg = Debug|x86
		{99C0BDC1-46C6-4C1E-87A9-39B29A17702B}.Debug|Win32.Build.0 = Debug|x86
		{99C0BDC1-46C6-4C1E-87A9-39B29A17702B}.Debug|x64.ActiveCfg = Debug|x86
		{99C0BDC1-46C6-4C1E-87A9-39B29A17702B}.Debug|x86.ActiveCfg = Debug|x86
		{99C0BDC1-46C6-4C1E-87A9-39B29A17702B}.Debug|x86.Build.0 = Debug|x86
		{99C0BDC1-46C6-4C1E-87A9-39B29A17702B}.Release|Any CPU.ActiveCfg = Release|x86
		{99C0BDC1-46C6-4C1E-87A9-39B29A17702B}.Release|Mixed Platforms.ActiveCfg = Release|x86
		{99C0BDC1-46C6-4C1E-87A9-39B29A17702B}.Release|Mixed Platforms.Build.0 = Release|x86
		{99C0BDC1-46C6-4C1E-87A9-39B29A17702B}.Release|Win32.ActiveCfg = Release|x86
		{99C0BDC1-46C6-4C1E-87A9-39B29A17702B}.Release|Win32.Build.0 = Release|x86
		{99C0BDC1-46C6-4C1E-87A9-39B29A17702B}.Release|x64.ActiveCfg = Release|x86
		{99C0BDC1-46C6-4C1E-87A9-39B29A17702B}.Release|x86.ActiveCfg = Release|x86
		{99C0BDC1-46C6-4C1E-87A9-39B29A17702B}.Release|x86.Build.0 = Release|x86
		{B8BD6E3F-831C-4F57-96CE-3E94EB826416}.Debug|Any CPU.ActiveCfg = Debug|Win32
		{B8BD6E3F-831C-4F57-96CE-3E94EB826416}.Debug|Mixed Platforms.ActiveCfg = Debug|x64
		{B8BD6E3F-831C-4F57-96CE-3E94EB826416}.Debug|Mixed Platforms.Build.0 = Debug|x64
		{B8BD6E3F-831C-4F57-96CE-3E94EB826416}.Debug|Win32.ActiveCfg = Debug|Win32
		{B8BD6E3F-831C-4F57-96CE-3E94EB826416}.Debug|Win32.Build.0 = Debug|Win32
		{B8BD6E3F-831C-4F57-96CE-3E94EB826416}.Debug|x64.ActiveCfg = Debug|Win32
		{B8BD6E3F-831C-4F57-96CE-3E94EB826416}.Debug|x86.ActiveCfg = Debug|Win32
		{B8BD6E3F-831C-4F57-96CE-3E94EB826416}.Debug|x86.Build.0 = Debug|Win32
		{B8BD6E3F-831C-4F57-96CE-3E94EB826416}.Release|Any CPU.ActiveCfg = Release|Win32
		{B8BD6E3F-831C-4F57-96CE-3E94EB826416}.Release|Mixed Platforms.ActiveCfg = Release|Win32
		{B8BD6E3F-831C-4F57-96CE-3E94EB826416}.Release|Mixed Platforms.Build.0 = Release|Win32
		{B8BD6E3F-831C-4F57-96CE-3E94EB826416}.Release|Win32.ActiveCfg = Release|Win32
		{B8BD6E3F-831C-4F57-96CE-3E94EB826416}.Release|Win32.Build.0 = Release|Win32
		{B8BD6E3F-831C-4F57-96CE-3E94EB826416}.Release|x64.ActiveCfg = Release|Win32
		{B8BD6E3F-831C-4F57-96CE-3E94EB826416}.Release|x86.ActiveCfg = Release|Win32
		{B8BD6E3F-831C-4F57-96CE-3E94EB826416}.Release|x86.Build.0 = Release|Win32
		{E0BC51C3-8D39-42B5-AEEC-3560D2084A48}.Debug|Any CPU.ActiveCfg = Debug|Win32
		{E0BC51C3-8D39-42B5-AEEC-3560D2084A48}.Debug|Mixed Platforms.ActiveCfg = Debug|x64
		{E0BC51C3-8D39-42B5-AEEC-3560D2084A48}.Debug|Mixed Platforms.Build.0 = Debug|x64
		{E0BC51C3-8D39-42B5-AEEC-3560D2084A48}.Debug|Win32.ActiveCfg = Debug|Win32
		{E0BC51C3-8D39-42B5-AEEC-3560D2084A48}.Debug|Win32.Build.0 = Debug|Win32
		{E0BC51C3-8D39-42B5-AEEC-3560D2084A48}.Debug|x64.ActiveCfg = Debug|Win32
		{E0BC51C3-8D39-42B5-AEEC-3560D2084A48}.Debug|x86.ActiveCfg = Debug|Win32
		{E0BC51C3-8D39-42B5-AEEC-3560D2084A48}.Debug|x86.Build.0 = Debug|Win32
		{E0BC51C3-8D39-42B5-AEEC-3560D2084A48}.Release|Any CPU.ActiveCfg = Release|Win32
		{E0BC51C3-8D39-42B5-AEEC-3560D2084A48}.Release|Mixed Platforms.ActiveCfg = Release|Win32
		{E0BC51C3-8D39-42B5-AEEC-3560D2084A48}.Release|Mixed Platforms.Build.0 = Release|Win32
		{E0BC51C3-8D39-42B5-AEEC-3560D2084A48}.Release|Win32.ActiveCfg = Release|Win32
		{E0BC51C3-8D39-42B5-AEEC-3560D2084A48}.Release|Win32.Build.0 = Release|Win32
		{E0BC51C3-8D39-42B5-AEEC-3560D2084A48}.Release|x64.ActiveCfg = Release|Win32
		{E0BC51C3-8D39-42B5-AEEC-3560D2084A48}.Release|x86.ActiveCfg = Release|Win32
		{E0BC51C3-8D39-42B5-AEEC-3560D2084A48}.Release|x86.Build.0 = Release|Win32
		{C1BB5C44-2D64-4071-ACEC-A84255724EDA}.Debug|Any CPU.ActiveCfg = Debug|Win32
		{C1BB5C44-2D64-4071-ACEC-A84255724EDA}.Debug|Mixed Platforms.ActiveCfg = Debug|x64
		{C1BB5C44-2D64-4071-ACEC-A84255724EDA}.Debug|Mixed Platforms.Build.0 = Debug|x64
		{C1BB5C44-2D64-4071-ACEC-A84255724EDA}.Debug|Win32.ActiveCfg = Debug|Win32
		{C1BB5C44-2D64-4071-ACEC-A84255724EDA}.Debug|x64.ActiveCfg = Debug|Win32
		{C1BB5C44-2D64-4071-ACEC-A84255724EDA}.Debug|x86.ActiveCfg = Debug|Win32
		{C1BB5C44-2D64-4071-ACEC-A84255724EDA}.Release|Any CPU.ActiveCfg = Release|Win32
		{C1BB5C44-2D64-4071-ACEC-A84255724EDA}.Release|Mixed Platforms.ActiveCfg = Release|Win32
		{C1BB5C44-2D64-4071-ACEC-A84255724EDA}.Release|Win32.ActiveCfg = Release|Win32
		{C1BB5C44-2D64-4071-ACEC-A84255724EDA}.Release|x64.ActiveCfg = Release|Win32
		{C1BB5C44-2D64-4071-ACEC-A84255724EDA}.Release|x86.ActiveCfg = Release|Win32
	EndGlobalSection
	GlobalSection(SolutionProperties) = preSolution
		HideSolutionNode = FALSE
	EndGlobalSection
EndGlobal
