
Microsoft Visual Studio Solution File, Format Version 11.00
# Visual Studio 2010
Project("{CC5FD16D-436D-48AD-A40C-5A424C6E3E79}") = "FakeDashboard", "FakeDashboard\FakeDashboard.ccproj", "{E0CAA802-87D9-40EB-8A8B-7C19CD7C6863}"
EndProject
Project("{FAE04EC0-301F-11D3-BF4B-00C04F79EFBC}") = "WCFServiceWebRole1", "WCFServiceWebRole1\WCFServiceWebRole1.csproj", "{711B62CE-0563-4F41-AE88-BD6116C5F78C}"
EndProject
Project("{FAE04EC0-301F-11D3-BF4B-00C04F79EFBC}") = "WebRole2", "WebRole2\WebRole2.csproj", "{8A6D8C44-68A4-4BF4-BB53-E8A871A58BCF}"
EndProject
Global
	GlobalSection(SolutionConfigurationPlatforms) = preSolution
		Debug|Any CPU = Debug|Any CPU
		Release|Any CPU = Release|Any CPU
	EndGlobalSection
	GlobalSection(ProjectConfigurationPlatforms) = postSolution
		{E0CAA802-87D9-40EB-8A8B-7C19CD7C6863}.Debug|Any CPU.ActiveCfg = Debug|Any CPU
		{E0CAA802-87D9-40EB-8A8B-7C19CD7C6863}.Debug|Any CPU.Build.0 = Debug|Any CPU
		{E0CAA802-87D9-40EB-8A8B-7C19CD7C6863}.Release|Any CPU.ActiveCfg = Release|Any CPU
		{E0CAA802-87D9-40EB-8A8B-7C19CD7C6863}.Release|Any CPU.Build.0 = Release|Any CPU
		{711B62CE-0563-4F41-AE88-BD6116C5F78C}.Debug|Any CPU.ActiveCfg = Debug|Any CPU
		{711B62CE-0563-4F41-AE88-BD6116C5F78C}.Debug|Any CPU.Build.0 = Debug|Any CPU
		{711B62CE-0563-4F41-AE88-BD6116C5F78C}.Release|Any CPU.ActiveCfg = Release|Any CPU
		{711B62CE-0563-4F41-AE88-BD6116C5F78C}.Release|Any CPU.Build.0 = Release|Any CPU
		{8A6D8C44-68A4-4BF4-BB53-E8A871A58BCF}.Debug|Any CPU.ActiveCfg = Debug|Any CPU
		{8A6D8C44-68A4-4BF4-BB53-E8A871A58BCF}.Debug|Any CPU.Build.0 = Debug|Any CPU
		{8A6D8C44-68A4-4BF4-BB53-E8A871A58BCF}.Release|Any CPU.ActiveCfg = Release|Any CPU
		{8A6D8C44-68A4-4BF4-BB53-E8A871A58BCF}.Release|Any CPU.Build.0 = Release|Any CPU
	EndGlobalSection
	GlobalSection(SolutionProperties) = preSolution
		HideSolutionNode = FALSE
	EndGlobalSection
EndGlobal
